<?xml version="1.0" encoding="utf-8"?>
<Project ToolsVersion="4.0" xmlns="http://schemas.microsoft.com/developer/msbuild/2003">
  <ItemGroup>
    <Filter Include="源文件">
      <UniqueIdentifier>{4FC737F1-C7A5-4376-A066-2A32D752A2FF}</UniqueIdentifier>
      <Extensions>cpp;c;cc;cxx;def;odl;idl;hpj;bat;asm;asmx</Extensions>
    </Filter>
    <Filter Include="头文件">
      <UniqueIdentifier>{93995380-89BD-4b04-88EB-625FBE52EBFB}</UniqueIdentifier>
      <Extensions>h;hpp;hxx;hm;inl;inc;xsd</Extensions>
    </Filter>
    <Filter Include="资源文件">
      <UniqueIdentifier>{67DA6AB6-F800-4c08-8B7A-83BB121AAD01}</UniqueIdentifier>
      <Extensions>rc;ico;cur;bmp;dlg;rc2;rct;bin;rgs;gif;jpg;jpeg;jpe;resx;tiff;tif;png;wav;mfcribbon-ms</Extensions>
    </Filter>
  </ItemGroup>
  <ItemGroup>
    <None Include="ReadMe.txt" />
    <None Include="res\FireBirdServer.rc2">
      <Filter>资源文件</Filter>
    </None>
    <None Include="res\FireBirdServer.ico">
      <Filter>资源文件</Filter>
    </None>
  </ItemGroup>
  <ItemGroup>
    <ClInclude Include="FireBirdServer.h">
      <Filter>头文件</Filter>
    </ClInclude>
    <ClInclude Include="FireBirdServerDlg.h">
      <Filter>头文件</Filter>
    </ClInclude>
    <ClInclude Include="stdafx.h">
      <Filter>头文件</Filter>
    </ClInclude>
    <ClInclude Include="targetver.h">
      <Filter>头文件</Filter>
    </ClInclude>
    <ClInclude Include="Resource.h">
      <Filter>头文件</Filter>
    </ClInclude>
    <ClInclude Include="ListenSocket.h">
      <Filter>头文件</Filter>
    </ClInclude>
    <ClInclude Include="RecvSocket.h">
      <Filter>头文件</Filter>
    </ClInclude>
    <ClInclude Include="UserMsg.h">
      <Filter>头文件</Filter>
    </ClInclude>
    <ClInclude Include="LoginMsg.h">
      <Filter>头文件</Filter>
    </ClInclude>
    <ClInclude Include="UpFile.h">
      <Filter>头文件</Filter>
    </ClInclude>
    <ClInclude Include="SearchFile.h">
      <Filter>头文件</Filter>
    </ClInclude>
    <ClInclude Include="SearchAlgorithm.h">
      <Filter>头文件</Filter>
    </ClInclude>
    <ClInclude Include="sharedfile.h">
      <Filter>头文件</Filter>
    </ClInclude>
    <ClInclude Include="userinfo.h">
      <Filter>头文件</Filter>
    </ClInclude>
    <ClInclude Include="GlobalVariable.h">
      <Filter>头文件</Filter>
    </ClInclude>
    <ClInclude Include="Down.h">
      <Filter>头文件</Filter>
    </ClInclude>
    <ClInclude Include="SendMail.h">
      <Filter>头文件</Filter>
    </ClInclude>
  </ItemGroup>
  <ItemGroup>
    <ClCompile Include="FireBirdServer.cpp">
      <Filter>源文件</Filter>
    </ClCompile>
    <ClCompile Include="FireBirdServerDlg.cpp">
      <Filter>源文件</Filter>
    </ClCompile>
    <ClCompile Include="stdafx.cpp">
      <Filter>源文件</Filter>
    </ClCompile>
    <ClCompile Include="ListenSocket.cpp">
      <Filter>源文件</Filter>
    </ClCompile>
    <ClCompile Include="RecvSocket.cpp">
      <Filter>源文件</Filter>
    </ClCompile>
    <ClCompile Include="UserMsg.cpp">
      <Filter>源文件</Filter>
    </ClCompile>
    <ClCompile Include="LoginMsg.cpp">
      <Filter>源文件</Filter>
    </ClCompile>
    <ClCompile Include="UpFile.cpp">
      <Filter>源文件</Filter>
    </ClCompile>
    <ClCompile Include="SearchFile.cpp">
      <Filter>源文件</Filter>
    </ClCompile>
    <ClCompile Include="SearchAlgorithm.cpp">
      <Filter>源文件</Filter>
    </ClCompile>
    <ClCompile Include="sharedfile.cpp">
      <Filter>源文件</Filter>
    </ClCompile>
    <ClCompile Include="userinfo.cpp">
      <Filter>源文件</Filter>
    </ClCompile>
    <ClCompile Include="GlobalVariable.cpp">
      <Filter>源文件</Filter>
    </ClCompile>
    <ClCompile Include="Down.cpp">
      <Filter>源文件</Filter>
    </ClCompile>
    <ClCompile Include="SendMail.cpp">
      <Filter>源文件</Filter>
    </ClCompile>
  </ItemGroup>
  <ItemGroup>
    <ResourceCompile Include="FireBirdServer.rc">
      <Filter>资源文件</Filter>
    </ResourceCompile>
  </ItemGroup>
</Project>